
Microsoft Visual Studio Solution File, Format Version 12.00
# Visual Studio 15
VisualStudioVersion = 15.0.27703.2047
MinimumVisualStudioVersion = 10.0.40219.1
Project("{FAE04EC0-301F-11D3-BF4B-00C04F79EFBC}") = "AdventureWorks.Data", "AdventureWorks.Data\AdventureWorks.Data.csproj", "{8E662E5C-0698-4C37-AC22-1AF022A1D9D2}"
EndProject
Project("{FAE04EC0-301F-11D3-BF4B-00C04F79EFBC}") = "AdventureWorks.Data.Tests", "AdventureWorks.Data.Tests\AdventureWorks.Data.Tests.csproj", "{126E8D34-5B4C-4BBF-BC6F-FFDFBA643005}"
EndProject
Global
	GlobalSection(SolutionConfigurationPlatforms) = preSolution
		Debug|Any CPU = Debug|Any CPU
		Release|Any CPU = Release|Any CPU
	EndGlobalSection
	GlobalSection(ProjectConfigurationPlatforms) = postSolution
		{8E662E5C-0698-4C37-AC22-1AF022A1D9D2}.Debug|Any CPU.ActiveCfg = Debug|Any CPU
		{8E662E5C-0698-4C37-AC22-1AF022A1D9D2}.Debug|Any CPU.Build.0 = Debug|Any CPU
		{8E662E5C-0698-4C37-AC22-1AF022A1D9D2}.Release|Any CPU.ActiveCfg = Release|Any CPU
		{8E662E5C-0698-4C37-AC22-1AF022A1D9D2}.Release|Any CPU.Build.0 = Release|Any CPU
		{126E8D34-5B4C-4BBF-BC6F-FFDFBA643005}.Debug|Any CPU.ActiveCfg = Debug|Any CPU
		{126E8D34-5B4C-4BBF-BC6F-FFDFBA643005}.Debug|Any CPU.Build.0 = Debug|Any CPU
		{126E8D34-5B4C-4BBF-BC6F-FFDFBA643005}.Release|Any CPU.ActiveCfg = Release|Any CPU
		{126E8D34-5B4C-4BBF-BC6F-FFDFBA643005}.Release|Any CPU.Build.0 = Release|Any CPU
	EndGlobalSection
	GlobalSection(SolutionProperties) = preSolution
		HideSolutionNode = FALSE
	EndGlobalSection
	GlobalSection(ExtensibilityGlobals) = postSolution
		SolutionGuid = {8D1FB767-5E41-41A0-A58E-48AE715184AE}
	EndGlobalSection
EndGlobal
